
Microsoft Visual Studio Solution File, Format Version 12.00
# Visual Studio Version 16
VisualStudioVersion = 16.0.29324.140
MinimumVisualStudioVersion = 10.0.40219.1
Project("{9A19103F-16F7-4668-BE54-9A1E7A4F7556}") = "anagram", "anagram\anagram.csproj", "{F95234F1-1C7A-4EE6-9679-A104773C83E1}"
EndProject
Global
	GlobalSection(SolutionConfigurationPlatforms) = preSolution
		Debug|Any CPU = Debug|Any CPU
		Release|Any CPU = Release|Any CPU
	EndGlobalSection
	GlobalSection(ProjectConfigurationPlatforms) = postSolution
		{F95234F1-1C7A-4EE6-9679-A104773C83E1}.Debug|Any CPU.ActiveCfg = Debug|Any CPU
		{F95234F1-1C7A-4EE6-9679-A104773C83E1}.Debug|Any CPU.Build.0 = Debug|Any CPU
		{F95234F1-1C7A-4EE6-9679-A104773C83E1}.Release|Any CPU.ActiveCfg = Release|Any CPU
		{F95234F1-1C7A-4EE6-9679-A104773C83E1}.Release|Any CPU.Build.0 = Release|Any CPU
	EndGlobalSection
	GlobalSection(SolutionProperties) = preSolution
		HideSolutionNode = FALSE
	EndGlobalSection
	GlobalSection(ExtensibilityGlobals) = postSolution
		SolutionGuid = {086128D0-63F6-446E-8C0A-DE65244F8E0F}
	EndGlobalSection
EndGlobal
